<?xml version="1.0" encoding="utf-8"?>
<Project ToolsVersion="4.0" xmlns="http://schemas.microsoft.com/developer/msbuild/2003">
  <ItemGroup>
    <Filter Include="Sources">
      <UniqueIdentifier>{8b7ed093-66ce-4096-96d2-fbb9faa4bf52}</UniqueIdentifier>
    </Filter>
    <Filter Include="Sources\Modules">
      <UniqueIdentifier>{7b418be2-1631-4a31-9ef2-8a8b234a7339}</UniqueIdentifier>
    </Filter>
    <Filter Include="Sources\Containers">
      <UniqueIdentifier>{afc36133-f401-499a-aa33-0da1e500fb52}</UniqueIdentifier>
    </Filter>
    <Filter Include="Sources\Tools">
      <UniqueIdentifier>{7e4dfaf7-022c-4f7d-92aa-f3b3fa9d6248}</UniqueIdentifier>
    </Filter>
    <Filter Include="Sources\Helpers">
      <UniqueIdentifier>{121f8e6b-df36-4ab0-be0d-601ddfc9e503}</UniqueIdentifier>
    </Filter>
    <Filter Include="Sources\Modules\Game">
      <UniqueIdentifier>{83f46af7-e02f-40c0-9e56-41d76082527b}</UniqueIdentifier>
    </Filter>
    <Filter Include="Sources\Modules\Glew">
      <UniqueIdentifier>{d282595f-cc83-40e4-9dfd-a8e8959e806d}</UniqueIdentifier>
    </Filter>
    <Filter Include="Sources\Modules\ImGui">
      <UniqueIdentifier>{cf27911b-b49f-4357-8877-52313693c020}</UniqueIdentifier>
    </Filter>
    <Filter Include="Sources\Modules\Window">
      <UniqueIdentifier>{2330a47e-e468-4927-83a9-47d42644b653}</UniqueIdentifier>
    </Filter>
  </ItemGroup>
  <ItemGroup>
    <ClInclude Include="Module.h">
      <Filter>Sources\Modules</Filter>
    </ClInclude>
    <ClInclude Include="ModuleCamera3D.h">
      <Filter>Sources\Modules</Filter>
    </ClInclude>
    <ClInclude Include="ModuleInput.h">
      <Filter>Sources\Modules</Filter>
    </ClInclude>
    <ClInclude Include="ModuleRenderer3D.h">
      <Filter>Sources\Modules</Filter>
    </ClInclude>
    <ClInclude Include="ModuleWindow.h">
      <Filter>Sources\Modules</Filter>
    </ClInclude>
    <ClInclude Include="p2DynArray.h">
      <Filter>Sources\Containers</Filter>
    </ClInclude>
    <ClInclude Include="p2List.h">
      <Filter>Sources\Containers</Filter>
    </ClInclude>
    <ClInclude Include="p2Point.h">
      <Filter>Sources\Containers</Filter>
    </ClInclude>
    <ClInclude Include="glmath.h">
      <Filter>Sources\Containers</Filter>
    </ClInclude>
    <ClInclude Include="Application.h">
      <Filter>Sources</Filter>
    </ClInclude>
    <ClInclude Include="Primitive.h">
      <Filter>Sources\Helpers</Filter>
    </ClInclude>
    <ClInclude Include="Color.h">
      <Filter>Sources\Containers</Filter>
    </ClInclude>
    <ClInclude Include="Light.h">
      <Filter>Sources\Helpers</Filter>
    </ClInclude>
    <ClInclude Include="ModuleSceneIntro.h">
      <Filter>Sources\Modules\Game</Filter>
    </ClInclude>
    <ClInclude Include="Timer.h">
      <Filter>Sources\Tools</Filter>
    </ClInclude>
    <ClInclude Include="ModuleGui.h">
      <Filter>Sources\Modules</Filter>
    </ClInclude>
    <ClInclude Include="Glew\include\eglew.h">
      <Filter>Sources\Modules\Glew</Filter>
    </ClInclude>
    <ClInclude Include="Glew\include\glew.h">
      <Filter>Sources\Modules\Glew</Filter>
    </ClInclude>
    <ClInclude Include="Glew\include\glxew.h">
      <Filter>Sources\Modules\Glew</Filter>
    </ClInclude>
    <ClInclude Include="ImGui\include\imgui.h">
      <Filter>Sources\Modules\ImGui</Filter>
    </ClInclude>
    <ClInclude Include="ImGui\include\imgui_impl_opengl3.h">
      <Filter>Sources\Modules\ImGui</Filter>
    </ClInclude>
    <ClInclude Include="ImGui\include\imgui_impl_opengl3_loader.h">
      <Filter>Sources\Modules\ImGui</Filter>
    </ClInclude>
    <ClInclude Include="ImGui\include\imgui_impl_sdl.h">
      <Filter>Sources\Modules\ImGui</Filter>
    </ClInclude>
    <ClInclude Include="ImGui\include\imgui_internal.h">
      <Filter>Sources\Modules\ImGui</Filter>
    </ClInclude>
    <ClInclude Include="ImGui\include\imstb_rectpack.h">
      <Filter>Sources\Modules\ImGui</Filter>
    </ClInclude>
    <ClInclude Include="ImGui\include\imstb_textedit.h">
      <Filter>Sources\Modules\ImGui</Filter>
    </ClInclude>
    <ClInclude Include="ImGui\include\imstb_truetype.h">
      <Filter>Sources\Modules\ImGui</Filter>
    </ClInclude>
    <ClInclude Include="ImGui\include\imconfig.h">
      <Filter>Sources\Modules\ImGui</Filter>
    </ClInclude>
    <ClInclude Include="OpenGL.h">
      <Filter>Sources\Modules</Filter>
    </ClInclude>
    <ClInclude Include="Glew\include\wglew.h">
      <Filter>Sources\Modules\Glew</Filter>
    </ClInclude>
    <ClInclude Include="Globals.h">
      <Filter>Sources</Filter>
    </ClInclude>
    <ClInclude Include="GameObject.h">
      <Filter>Sources\Modules</Filter>
    </ClInclude>
    <ClInclude Include="ModuleComponent.h">
      <Filter>Sources\Modules</Filter>
    </ClInclude>
    <ClInclude Include="ModuleImporter.h">
      <Filter>Sources\Modules</Filter>
    </ClInclude>
    <ClInclude Include="ModuleMaterial.h">
      <Filter>Sources\Modules</Filter>
    </ClInclude>
    <ClInclude Include="ModuleMesh.h">
      <Filter>Sources\Modules</Filter>
    </ClInclude>
    <ClInclude Include="ModuleTransform.h">
      <Filter>Sources\Modules</Filter>
    </ClInclude>
    <ClInclude Include="FileSystem.h">
      <Filter>Sources\Modules</Filter>
    </ClInclude>
    <ClInclude Include="Window.h">
      <Filter>Sources\Modules\Window</Filter>
    </ClInclude>
    <ClInclude Include="Win_Console.h">
      <Filter>Sources\Modules\Window</Filter>
    </ClInclude>
  </ItemGroup>
  <ItemGroup>
    <ClCompile Include="ModuleCamera3D.cpp">
      <Filter>Sources\Modules</Filter>
    </ClCompile>
    <ClCompile Include="ModuleInput.cpp">
      <Filter>Sources\Modules</Filter>
    </ClCompile>
    <ClCompile Include="ModuleRenderer3D.cpp">
      <Filter>Sources\Modules</Filter>
    </ClCompile>
    <ClCompile Include="ModuleWindow.cpp">
      <Filter>Sources\Modules</Filter>
    </ClCompile>
    <ClCompile Include="log.cpp">
      <Filter>Sources\Tools</Filter>
    </ClCompile>
    <ClCompile Include="Timer.cpp">
      <Filter>Sources\Tools</Filter>
    </ClCompile>
    <ClCompile Include="Application.cpp">
      <Filter>Sources</Filter>
    </ClCompile>
    <ClCompile Include="Main.cpp">
      <Filter>Sources</Filter>
    </ClCompile>
    <ClCompile Include="glmath.cpp">
      <Filter>Sources\Containers</Filter>
    </ClCompile>
    <ClCompile Include="Primitive.cpp">
      <Filter>Sources\Helpers</Filter>
    </ClCompile>
    <ClCompile Include="Color.cpp">
      <Filter>Sources\Containers</Filter>
    </ClCompile>
    <ClCompile Include="Light.cpp">
      <Filter>Sources\Helpers</Filter>
    </ClCompile>
    <ClCompile Include="ModuleSceneIntro.cpp">
      <Filter>Sources\Modules\Game</Filter>
    </ClCompile>
    <ClCompile Include="ModuleGui.cpp">
      <Filter>Sources\Modules</Filter>
    </ClCompile>
    <ClCompile Include="ImGui\include\imgui_demo.cpp">
      <Filter>Sources\Modules\ImGui</Filter>
    </ClCompile>
    <ClCompile Include="ImGui\include\imgui_draw.cpp">
      <Filter>Sources\Modules\ImGui</Filter>
    </ClCompile>
    <ClCompile Include="ImGui\include\imgui_impl_opengl3.cpp">
      <Filter>Sources\Modules\ImGui</Filter>
    </ClCompile>
    <ClCompile Include="ImGui\include\imgui_impl_sdl.cpp">
      <Filter>Sources\Modules\ImGui</Filter>
    </ClCompile>
    <ClCompile Include="ImGui\include\imgui_tables.cpp">
      <Filter>Sources\Modules\ImGui</Filter>
    </ClCompile>
    <ClCompile Include="ImGui\include\imgui_widgets.cpp">
      <Filter>Sources\Modules\ImGui</Filter>
    </ClCompile>
    <ClCompile Include="ImGui\include\imgui.cpp">
      <Filter>Sources\Modules\ImGui</Filter>
    </ClCompile>
    <ClCompile Include="GameObject.cpp">
      <Filter>Sources\Modules</Filter>
    </ClCompile>
    <ClCompile Include="ModuleComponent.cpp">
      <Filter>Sources\Modules</Filter>
    </ClCompile>
    <ClCompile Include="ModuleImporter.cpp">
      <Filter>Sources\Modules</Filter>
    </ClCompile>
    <ClCompile Include="ModuleMaterial.cpp">
      <Filter>Sources\Modules</Filter>
    </ClCompile>
    <ClCompile Include="ModuleMesh.cpp">
      <Filter>Sources\Modules</Filter>
    </ClCompile>
    <ClCompile Include="ModuleTransform.cpp">
      <Filter>Sources\Modules</Filter>
    </ClCompile>
    <ClCompile Include="FileSystem.cpp">
      <Filter>Sources\Modules</Filter>
    </ClCompile>
    <ClCompile Include="Window.cpp">
      <Filter>Sources\Modules\Window</Filter>
    </ClCompile>
    <ClCompile Include="Win_Console.cpp">
      <Filter>Sources\Modules\Window</Filter>
    </ClCompile>
  </ItemGroup>
</Project>